// !$*UTF8*$!
{
	archiveVersion = 1;
	classes = {
	};
	objectVersion = 56;
	objects = {

/* Begin PBXBuildFile section */
		1393E3F12C235D19007B8DEC /* UseCase+Dependencies.swift in Sources */ = {isa = PBXBuildFile; fileRef = 1393E3F02C235D19007B8DEC /* UseCase+Dependencies.swift */; };
		1393E3F42C235D75007B8DEC /* ObserveTrashcansUseCase.swift in Sources */ = {isa = PBXBuildFile; fileRef = 1393E3F32C235D75007B8DEC /* ObserveTrashcansUseCase.swift */; };
		1393E3F72C238B71007B8DEC /* GeocoderService.swift in Sources */ = {isa = PBXBuildFile; fileRef = 1393E3F62C238B71007B8DEC /* GeocoderService.swift */; };
		1393E3F92C238BCE007B8DEC /* GeocodeError.swift in Sources */ = {isa = PBXBuildFile; fileRef = 1393E3F82C238BCE007B8DEC /* GeocodeError.swift */; };
		1393E3FB2C238C18007B8DEC /* Service+Dependencies .swift in Sources */ = {isa = PBXBuildFile; fileRef = 1393E3FA2C238C17007B8DEC /* Service+Dependencies .swift */; };
		1393E3FD2C238C83007B8DEC /* ReverseGeocodingUseCase.swift in Sources */ = {isa = PBXBuildFile; fileRef = 1393E3FC2C238C83007B8DEC /* ReverseGeocodingUseCase.swift */; };
		13F8B19A2C1EEAAD00B440F5 /* GoTrashApp.swift in Sources */ = {isa = PBXBuildFile; fileRef = 13F8B1992C1EEAAD00B440F5 /* GoTrashApp.swift */; };
		13F8B19C2C1EEAAD00B440F5 /* MapView.swift in Sources */ = {isa = PBXBuildFile; fileRef = 13F8B19B2C1EEAAD00B440F5 /* MapView.swift */; };
		13F8B19E2C1EEAAE00B440F5 /* Assets.xcassets in Resources */ = {isa = PBXBuildFile; fileRef = 13F8B19D2C1EEAAE00B440F5 /* Assets.xcassets */; };
		13F8B1A12C1EEAAE00B440F5 /* Preview Assets.xcassets in Resources */ = {isa = PBXBuildFile; fileRef = 13F8B1A02C1EEAAE00B440F5 /* Preview Assets.xcassets */; };
		13F8B1AB2C1EEAAE00B440F5 /* GoTrashTests.swift in Sources */ = {isa = PBXBuildFile; fileRef = 13F8B1AA2C1EEAAE00B440F5 /* GoTrashTests.swift */; };
		13F8B1B52C1EEAAE00B440F5 /* GoTrashUITests.swift in Sources */ = {isa = PBXBuildFile; fileRef = 13F8B1B42C1EEAAE00B440F5 /* GoTrashUITests.swift */; };
		13F8B1B72C1EEAAE00B440F5 /* GoTrashUITestsLaunchTests.swift in Sources */ = {isa = PBXBuildFile; fileRef = 13F8B1B62C1EEAAE00B440F5 /* GoTrashUITestsLaunchTests.swift */; };
		13F8B1C42C1EEB5B00B440F5 /* LaunchScreen.storyboard in Resources */ = {isa = PBXBuildFile; fileRef = 13F8B1C32C1EEB5B00B440F5 /* LaunchScreen.storyboard */; };
		13F8B1C72C1F14B600B440F5 /* View+Extensions.swift in Sources */ = {isa = PBXBuildFile; fileRef = 13F8B1C62C1F14B600B440F5 /* View+Extensions.swift */; };
		13F8B1C92C1F3ED400B440F5 /* TrashView.swift in Sources */ = {isa = PBXBuildFile; fileRef = 13F8B1C82C1F3ED400B440F5 /* TrashView.swift */; };
		13F8B1CB2C1F434B00B440F5 /* CardView.swift in Sources */ = {isa = PBXBuildFile; fileRef = 13F8B1CA2C1F434B00B440F5 /* CardView.swift */; };
		13F8B1CF2C219AF400B440F5 /* Factory in Frameworks */ = {isa = PBXBuildFile; productRef = 13F8B1CE2C219AF400B440F5 /* Factory */; };
		13F8B1D72C219C9100B440F5 /* GoogleService-Info.plist in Resources */ = {isa = PBXBuildFile; fileRef = 13F8B1D62C219C9100B440F5 /* GoogleService-Info.plist */; };
		13F8B1DC2C219DE400B440F5 /* FirebaseAuth in Frameworks */ = {isa = PBXBuildFile; productRef = 13F8B1DB2C219DE400B440F5 /* FirebaseAuth */; };
		13F8B1DE2C219E3900B440F5 /* FirebaseService.swift in Sources */ = {isa = PBXBuildFile; fileRef = 13F8B1DD2C219E3900B440F5 /* FirebaseService.swift */; };
		13F8B1E02C21A13D00B440F5 /* FirebaseDatabaseSwift in Frameworks */ = {isa = PBXBuildFile; productRef = 13F8B1DF2C21A13D00B440F5 /* FirebaseDatabaseSwift */; };
		13F8B1E32C21A54600B440F5 /* TrashViewModel.swift in Sources */ = {isa = PBXBuildFile; fileRef = 13F8B1E22C21A54600B440F5 /* TrashViewModel.swift */; };
		13F8B1E82C21B2E600B440F5 /* Trash+Codable.swift in Sources */ = {isa = PBXBuildFile; fileRef = 13F8B1E72C21B2E600B440F5 /* Trash+Codable.swift */; };
		13F8B1EA2C21B2EF00B440F5 /* Location+Codable.swift in Sources */ = {isa = PBXBuildFile; fileRef = 13F8B1E92C21B2EF00B440F5 /* Location+Codable.swift */; };
		13F8B1EC2C21C18500B440F5 /* LocationManager.swift in Sources */ = {isa = PBXBuildFile; fileRef = 13F8B1EB2C21C18500B440F5 /* LocationManager.swift */; };
		13F8B1EE2C21C5B900B440F5 /* MapViewModel.swift in Sources */ = {isa = PBXBuildFile; fileRef = 13F8B1ED2C21C5B900B440F5 /* MapViewModel.swift */; };
/* End PBXBuildFile section */

/* Begin PBXContainerItemProxy section */
		13F8B1A72C1EEAAE00B440F5 /* PBXContainerItemProxy */ = {
			isa = PBXContainerItemProxy;
			containerPortal = 13F8B18E2C1EEAAD00B440F5 /* Project object */;
			proxyType = 1;
			remoteGlobalIDString = 13F8B1952C1EEAAD00B440F5;
			remoteInfo = GoTrash;
		};
		13F8B1B12C1EEAAE00B440F5 /* PBXContainerItemProxy */ = {
			isa = PBXContainerItemProxy;
			containerPortal = 13F8B18E2C1EEAAD00B440F5 /* Project object */;
			proxyType = 1;
			remoteGlobalIDString = 13F8B1952C1EEAAD00B440F5;
			remoteInfo = GoTrash;
		};
/* End PBXContainerItemProxy section */

/* Begin PBXFileReference section */
		1393E3F02C235D19007B8DEC /* UseCase+Dependencies.swift */ = {isa = PBXFileReference; lastKnownFileType = sourcecode.swift; path = "UseCase+Dependencies.swift"; sourceTree = "<group>"; };
		1393E3F32C235D75007B8DEC /* ObserveTrashcansUseCase.swift */ = {isa = PBXFileReference; lastKnownFileType = sourcecode.swift; path = ObserveTrashcansUseCase.swift; sourceTree = "<group>"; };
		1393E3F62C238B71007B8DEC /* GeocoderService.swift */ = {isa = PBXFileReference; lastKnownFileType = sourcecode.swift; path = GeocoderService.swift; sourceTree = "<group>"; };
		1393E3F82C238BCE007B8DEC /* GeocodeError.swift */ = {isa = PBXFileReference; lastKnownFileType = sourcecode.swift; path = GeocodeError.swift; sourceTree = "<group>"; };
		1393E3FA2C238C17007B8DEC /* Service+Dependencies .swift */ = {isa = PBXFileReference; lastKnownFileType = sourcecode.swift; path = "Service+Dependencies .swift"; sourceTree = "<group>"; };
		1393E3FC2C238C83007B8DEC /* ReverseGeocodingUseCase.swift */ = {isa = PBXFileReference; lastKnownFileType = sourcecode.swift; path = ReverseGeocodingUseCase.swift; sourceTree = "<group>"; };
		13F8B1962C1EEAAD00B440F5 /* GoTrash.app */ = {isa = PBXFileReference; explicitFileType = wrapper.application; includeInIndex = 0; path = GoTrash.app; sourceTree = BUILT_PRODUCTS_DIR; };
		13F8B1992C1EEAAD00B440F5 /* GoTrashApp.swift */ = {isa = PBXFileReference; lastKnownFileType = sourcecode.swift; path = GoTrashApp.swift; sourceTree = "<group>"; };
		13F8B19B2C1EEAAD00B440F5 /* MapView.swift */ = {isa = PBXFileReference; lastKnownFileType = sourcecode.swift; path = MapView.swift; sourceTree = "<group>"; };
		13F8B19D2C1EEAAE00B440F5 /* Assets.xcassets */ = {isa = PBXFileReference; lastKnownFileType = folder.assetcatalog; path = Assets.xcassets; sourceTree = "<group>"; };
		13F8B1A02C1EEAAE00B440F5 /* Preview Assets.xcassets */ = {isa = PBXFileReference; lastKnownFileType = folder.assetcatalog; path = "Preview Assets.xcassets"; sourceTree = "<group>"; };
		13F8B1A62C1EEAAE00B440F5 /* GoTrashTests.xctest */ = {isa = PBXFileReference; explicitFileType = wrapper.cfbundle; includeInIndex = 0; path = GoTrashTests.xctest; sourceTree = BUILT_PRODUCTS_DIR; };
		13F8B1AA2C1EEAAE00B440F5 /* GoTrashTests.swift */ = {isa = PBXFileReference; lastKnownFileType = sourcecode.swift; path = GoTrashTests.swift; sourceTree = "<group>"; };
		13F8B1B02C1EEAAE00B440F5 /* GoTrashUITests.xctest */ = {isa = PBXFileReference; explicitFileType = wrapper.cfbundle; includeInIndex = 0; path = GoTrashUITests.xctest; sourceTree = BUILT_PRODUCTS_DIR; };
		13F8B1B42C1EEAAE00B440F5 /* GoTrashUITests.swift */ = {isa = PBXFileReference; lastKnownFileType = sourcecode.swift; path = GoTrashUITests.swift; sourceTree = "<group>"; };
		13F8B1B62C1EEAAE00B440F5 /* GoTrashUITestsLaunchTests.swift */ = {isa = PBXFileReference; lastKnownFileType = sourcecode.swift; path = GoTrashUITestsLaunchTests.swift; sourceTree = "<group>"; };
		13F8B1C32C1EEB5B00B440F5 /* LaunchScreen.storyboard */ = {isa = PBXFileReference; lastKnownFileType = file.storyboard; path = LaunchScreen.storyboard; sourceTree = "<group>"; };
		13F8B1C62C1F14B600B440F5 /* View+Extensions.swift */ = {isa = PBXFileReference; lastKnownFileType = sourcecode.swift; path = "View+Extensions.swift"; sourceTree = "<group>"; };
		13F8B1C82C1F3ED400B440F5 /* TrashView.swift */ = {isa = PBXFileReference; lastKnownFileType = sourcecode.swift; path = TrashView.swift; sourceTree = "<group>"; };
		13F8B1CA2C1F434B00B440F5 /* CardView.swift */ = {isa = PBXFileReference; lastKnownFileType = sourcecode.swift; path = CardView.swift; sourceTree = "<group>"; };
		13F8B1D62C219C9100B440F5 /* GoogleService-Info.plist */ = {isa = PBXFileReference; fileEncoding = 4; lastKnownFileType = text.plist.xml; path = "GoogleService-Info.plist"; sourceTree = "<group>"; };
		13F8B1DD2C219E3900B440F5 /* FirebaseService.swift */ = {isa = PBXFileReference; lastKnownFileType = sourcecode.swift; path = FirebaseService.swift; sourceTree = "<group>"; };
		13F8B1E22C21A54600B440F5 /* TrashViewModel.swift */ = {isa = PBXFileReference; lastKnownFileType = sourcecode.swift; path = TrashViewModel.swift; sourceTree = "<group>"; };
		13F8B1E72C21B2E600B440F5 /* Trash+Codable.swift */ = {isa = PBXFileReference; lastKnownFileType = sourcecode.swift; path = "Trash+Codable.swift"; sourceTree = "<group>"; };
		13F8B1E92C21B2EF00B440F5 /* Location+Codable.swift */ = {isa = PBXFileReference; lastKnownFileType = sourcecode.swift; path = "Location+Codable.swift"; sourceTree = "<group>"; };
		13F8B1EB2C21C18500B440F5 /* LocationManager.swift */ = {isa = PBXFileReference; lastKnownFileType = sourcecode.swift; path = LocationManager.swift; sourceTree = "<group>"; };
		13F8B1ED2C21C5B900B440F5 /* MapViewModel.swift */ = {isa = PBXFileReference; lastKnownFileType = sourcecode.swift; path = MapViewModel.swift; sourceTree = "<group>"; };
/* End PBXFileReference section */

/* Begin PBXFrameworksBuildPhase section */
		13F8B1932C1EEAAD00B440F5 /* Frameworks */ = {
			isa = PBXFrameworksBuildPhase;
			buildActionMask = 2147483647;
			files = (
				13F8B1E02C21A13D00B440F5 /* FirebaseDatabaseSwift in Frameworks */,
				13F8B1CF2C219AF400B440F5 /* Factory in Frameworks */,
				13F8B1DC2C219DE400B440F5 /* FirebaseAuth in Frameworks */,
			);
			runOnlyForDeploymentPostprocessing = 0;
		};
		13F8B1A32C1EEAAE00B440F5 /* Frameworks */ = {
			isa = PBXFrameworksBuildPhase;
			buildActionMask = 2147483647;
			files = (
			);
			runOnlyForDeploymentPostprocessing = 0;
		};
		13F8B1AD2C1EEAAE00B440F5 /* Frameworks */ = {
			isa = PBXFrameworksBuildPhase;
			buildActionMask = 2147483647;
			files = (
			);
			runOnlyForDeploymentPostprocessing = 0;
		};
/* End PBXFrameworksBuildPhase section */

/* Begin PBXGroup section */
		1393E3F22C235D64007B8DEC /* UseCases */ = {
			isa = PBXGroup;
			children = (
				1393E3F32C235D75007B8DEC /* ObserveTrashcansUseCase.swift */,
				1393E3FC2C238C83007B8DEC /* ReverseGeocodingUseCase.swift */,
			);
			path = UseCases;
			sourceTree = "<group>";
		};
		1393E3F52C238B64007B8DEC /* Services */ = {
			isa = PBXGroup;
			children = (
				1393E3F62C238B71007B8DEC /* GeocoderService.swift */,
				13F8B1DD2C219E3900B440F5 /* FirebaseService.swift */,
			);
			path = Services;
			sourceTree = "<group>";
		};
		13E8C4192C24A8FE00CA4E50 /* Map */ = {
			isa = PBXGroup;
			children = (
				13F8B1ED2C21C5B900B440F5 /* MapViewModel.swift */,
				13F8B19B2C1EEAAD00B440F5 /* MapView.swift */,
			);
			path = Map;
			sourceTree = "<group>";
		};
		13E8C41A2C24A90600CA4E50 /* Trash */ = {
			isa = PBXGroup;
			children = (
				13F8B1E22C21A54600B440F5 /* TrashViewModel.swift */,
				13F8B1C82C1F3ED400B440F5 /* TrashView.swift */,
			);
			path = Trash;
			sourceTree = "<group>";
		};
		13E8C41B2C24A90B00CA4E50 /* Components */ = {
			isa = PBXGroup;
			children = (
				13F8B1CA2C1F434B00B440F5 /* CardView.swift */,
			);
			path = Components;
			sourceTree = "<group>";
		};
		13F8B18D2C1EEAAD00B440F5 = {
			isa = PBXGroup;
			children = (
				13F8B1982C1EEAAD00B440F5 /* GoTrash */,
				13F8B1A92C1EEAAE00B440F5 /* GoTrashTests */,
				13F8B1B32C1EEAAE00B440F5 /* GoTrashUITests */,
				13F8B1972C1EEAAD00B440F5 /* Products */,
				13F8B1DA2C219DE400B440F5 /* Frameworks */,
			);
			sourceTree = "<group>";
		};
		13F8B1972C1EEAAD00B440F5 /* Products */ = {
			isa = PBXGroup;
			children = (
				13F8B1962C1EEAAD00B440F5 /* GoTrash.app */,
				13F8B1A62C1EEAAE00B440F5 /* GoTrashTests.xctest */,
				13F8B1B02C1EEAAE00B440F5 /* GoTrashUITests.xctest */,
			);
			name = Products;
			sourceTree = "<group>";
		};
		13F8B1982C1EEAAD00B440F5 /* GoTrash */ = {
			isa = PBXGroup;
			children = (
				13F8B1D02C219AFB00B440F5 /* Domain */,
				13F8B1CC2C219AD200B440F5 /* Presentation */,
				13F8B1C52C1F149A00B440F5 /* Extensions */,
				13F8B1992C1EEAAD00B440F5 /* GoTrashApp.swift */,
				13F8B1D62C219C9100B440F5 /* GoogleService-Info.plist */,
				13F8B19D2C1EEAAE00B440F5 /* Assets.xcassets */,
				13F8B1C32C1EEB5B00B440F5 /* LaunchScreen.storyboard */,
				13F8B19F2C1EEAAE00B440F5 /* Preview Content */,
			);
			path = GoTrash;
			sourceTree = "<group>";
		};
		13F8B19F2C1EEAAE00B440F5 /* Preview Content */ = {
			isa = PBXGroup;
			children = (
				13F8B1A02C1EEAAE00B440F5 /* Preview Assets.xcassets */,
			);
			path = "Preview Content";
			sourceTree = "<group>";
		};
		13F8B1A92C1EEAAE00B440F5 /* GoTrashTests */ = {
			isa = PBXGroup;
			children = (
				13F8B1AA2C1EEAAE00B440F5 /* GoTrashTests.swift */,
			);
			path = GoTrashTests;
			sourceTree = "<group>";
		};
		13F8B1B32C1EEAAE00B440F5 /* GoTrashUITests */ = {
			isa = PBXGroup;
			children = (
				13F8B1B42C1EEAAE00B440F5 /* GoTrashUITests.swift */,
				13F8B1B62C1EEAAE00B440F5 /* GoTrashUITestsLaunchTests.swift */,
			);
			path = GoTrashUITests;
			sourceTree = "<group>";
		};
		13F8B1C52C1F149A00B440F5 /* Extensions */ = {
			isa = PBXGroup;
			children = (
				13F8B1C62C1F14B600B440F5 /* View+Extensions.swift */,
			);
			path = Extensions;
			sourceTree = "<group>";
		};
		13F8B1CC2C219AD200B440F5 /* Presentation */ = {
			isa = PBXGroup;
			children = (
				13E8C41B2C24A90B00CA4E50 /* Components */,
				13E8C41A2C24A90600CA4E50 /* Trash */,
				13E8C4192C24A8FE00CA4E50 /* Map */,
				1393E3F82C238BCE007B8DEC /* GeocodeError.swift */,
			);
			path = Presentation;
			sourceTree = "<group>";
		};
		13F8B1D02C219AFB00B440F5 /* Domain */ = {
			isa = PBXGroup;
			children = (
				1393E3F52C238B64007B8DEC /* Services */,
				1393E3F22C235D64007B8DEC /* UseCases */,
				13F8B1E42C21B2C300B440F5 /* Entities */,
				13F8B1D22C219B0F00B440F5 /* Dependencies */,
				13F8B1D12C219B0100B440F5 /* Managers */,
			);
			path = Domain;
			sourceTree = "<group>";
		};
		13F8B1D12C219B0100B440F5 /* Managers */ = {
			isa = PBXGroup;
			children = (
				13F8B1EB2C21C18500B440F5 /* LocationManager.swift */,
			);
			path = Managers;
			sourceTree = "<group>";
		};
		13F8B1D22C219B0F00B440F5 /* Dependencies */ = {
			isa = PBXGroup;
			children = (
				1393E3F02C235D19007B8DEC /* UseCase+Dependencies.swift */,
				1393E3FA2C238C17007B8DEC /* Service+Dependencies .swift */,
			);
			path = Dependencies;
			sourceTree = "<group>";
		};
		13F8B1DA2C219DE400B440F5 /* Frameworks */ = {
			isa = PBXGroup;
			children = (
			);
			name = Frameworks;
			sourceTree = "<group>";
		};
		13F8B1E42C21B2C300B440F5 /* Entities */ = {
			isa = PBXGroup;
			children = (
				13F8B1E72C21B2E600B440F5 /* Trash+Codable.swift */,
				13F8B1E92C21B2EF00B440F5 /* Location+Codable.swift */,
			);
			path = Entities;
			sourceTree = "<group>";
		};
/* End PBXGroup section */

/* Begin PBXNativeTarget section */
		13F8B1952C1EEAAD00B440F5 /* GoTrash */ = {
			isa = PBXNativeTarget;
			buildConfigurationList = 13F8B1BA2C1EEAAE00B440F5 /* Build configuration list for PBXNativeTarget "GoTrash" */;
			buildPhases = (
				13F8B1922C1EEAAD00B440F5 /* Sources */,
				13F8B1932C1EEAAD00B440F5 /* Frameworks */,
				13F8B1942C1EEAAD00B440F5 /* Resources */,
			);
			buildRules = (
			);
			dependencies = (
			);
			name = GoTrash;
			packageProductDependencies = (
				13F8B1CE2C219AF400B440F5 /* Factory */,
				13F8B1DB2C219DE400B440F5 /* FirebaseAuth */,
				13F8B1DF2C21A13D00B440F5 /* FirebaseDatabaseSwift */,
			);
			productName = GoTrash;
			productReference = 13F8B1962C1EEAAD00B440F5 /* GoTrash.app */;
			productType = "com.apple.product-type.application";
		};
		13F8B1A52C1EEAAE00B440F5 /* GoTrashTests */ = {
			isa = PBXNativeTarget;
			buildConfigurationList = 13F8B1BD2C1EEAAE00B440F5 /* Build configuration list for PBXNativeTarget "GoTrashTests" */;
			buildPhases = (
				13F8B1A22C1EEAAE00B440F5 /* Sources */,
				13F8B1A32C1EEAAE00B440F5 /* Frameworks */,
				13F8B1A42C1EEAAE00B440F5 /* Resources */,
			);
			buildRules = (
			);
			dependencies = (
				13F8B1A82C1EEAAE00B440F5 /* PBXTargetDependency */,
			);
			name = GoTrashTests;
			productName = GoTrashTests;
			productReference = 13F8B1A62C1EEAAE00B440F5 /* GoTrashTests.xctest */;
			productType = "com.apple.product-type.bundle.unit-test";
		};
		13F8B1AF2C1EEAAE00B440F5 /* GoTrashUITests */ = {
			isa = PBXNativeTarget;
			buildConfigurationList = 13F8B1C02C1EEAAE00B440F5 /* Build configuration list for PBXNativeTarget "GoTrashUITests" */;
			buildPhases = (
				13F8B1AC2C1EEAAE00B440F5 /* Sources */,
				13F8B1AD2C1EEAAE00B440F5 /* Frameworks */,
				13F8B1AE2C1EEAAE00B440F5 /* Resources */,
			);
			buildRules = (
			);
			dependencies = (
				13F8B1B22C1EEAAE00B440F5 /* PBXTargetDependency */,
			);
			name = GoTrashUITests;
			productName = GoTrashUITests;
			productReference = 13F8B1B02C1EEAAE00B440F5 /* GoTrashUITests.xctest */;
			productType = "com.apple.product-type.bundle.ui-testing";
		};
/* End PBXNativeTarget section */

/* Begin PBXProject section */
		13F8B18E2C1EEAAD00B440F5 /* Project object */ = {
			isa = PBXProject;
			attributes = {
				BuildIndependentTargetsInParallel = 1;
				LastSwiftUpdateCheck = 1520;
				LastUpgradeCheck = 1520;
				TargetAttributes = {
					13F8B1952C1EEAAD00B440F5 = {
						CreatedOnToolsVersion = 15.2;
					};
					13F8B1A52C1EEAAE00B440F5 = {
						CreatedOnToolsVersion = 15.2;
						TestTargetID = 13F8B1952C1EEAAD00B440F5;
					};
					13F8B1AF2C1EEAAE00B440F5 = {
						CreatedOnToolsVersion = 15.2;
						TestTargetID = 13F8B1952C1EEAAD00B440F5;
					};
				};
			};
			buildConfigurationList = 13F8B1912C1EEAAD00B440F5 /* Build configuration list for PBXProject "GoTrash" */;
			compatibilityVersion = "Xcode 14.0";
			developmentRegion = en;
			hasScannedForEncodings = 0;
			knownRegions = (
				en,
				Base,
			);
			mainGroup = 13F8B18D2C1EEAAD00B440F5;
			packageReferences = (
				13F8B1CD2C219AF400B440F5 /* XCRemoteSwiftPackageReference "Factory" */,
				13F8B1D52C219BF700B440F5 /* XCRemoteSwiftPackageReference "firebase-ios-sdk" */,
			);
			productRefGroup = 13F8B1972C1EEAAD00B440F5 /* Products */;
			projectDirPath = "";
			projectRoot = "";
			targets = (
				13F8B1952C1EEAAD00B440F5 /* GoTrash */,
				13F8B1A52C1EEAAE00B440F5 /* GoTrashTests */,
				13F8B1AF2C1EEAAE00B440F5 /* GoTrashUITests */,
			);
		};
/* End PBXProject section */

/* Begin PBXResourcesBuildPhase section */
		13F8B1942C1EEAAD00B440F5 /* Resources */ = {
			isa = PBXResourcesBuildPhase;
			buildActionMask = 2147483647;
			files = (
				13F8B1C42C1EEB5B00B440F5 /* LaunchScreen.storyboard in Resources */,
				13F8B1D72C219C9100B440F5 /* GoogleService-Info.plist in Resources */,
				13F8B1A12C1EEAAE00B440F5 /* Preview Assets.xcassets in Resources */,
				13F8B19E2C1EEAAE00B440F5 /* Assets.xcassets in Resources */,
			);
			runOnlyForDeploymentPostprocessing = 0;
		};
		13F8B1A42C1EEAAE00B440F5 /* Resources */ = {
			isa = PBXResourcesBuildPhase;
			buildActionMask = 2147483647;
			files = (
			);
			runOnlyForDeploymentPostprocessing = 0;
		};
		13F8B1AE2C1EEAAE00B440F5 /* Resources */ = {
			isa = PBXResourcesBuildPhase;
			buildActionMask = 2147483647;
			files = (
			);
			runOnlyForDeploymentPostprocessing = 0;
		};
/* End PBXResourcesBuildPhase section */

/* Begin PBXSourcesBuildPhase section */
		13F8B1922C1EEAAD00B440F5 /* Sources */ = {
			isa = PBXSourcesBuildPhase;
			buildActionMask = 2147483647;
			files = (
				1393E3F42C235D75007B8DEC /* ObserveTrashcansUseCase.swift in Sources */,
				13F8B1CB2C1F434B00B440F5 /* CardView.swift in Sources */,
				13F8B19C2C1EEAAD00B440F5 /* MapView.swift in Sources */,
				13F8B1C72C1F14B600B440F5 /* View+Extensions.swift in Sources */,
				13F8B1EA2C21B2EF00B440F5 /* Location+Codable.swift in Sources */,
				13F8B1EE2C21C5B900B440F5 /* MapViewModel.swift in Sources */,
				1393E3F72C238B71007B8DEC /* GeocoderService.swift in Sources */,
				13F8B1E82C21B2E600B440F5 /* Trash+Codable.swift in Sources */,
				13F8B19A2C1EEAAD00B440F5 /* GoTrashApp.swift in Sources */,
				1393E3FB2C238C18007B8DEC /* Service+Dependencies .swift in Sources */,
				1393E3FD2C238C83007B8DEC /* ReverseGeocodingUseCase.swift in Sources */,
				13F8B1DE2C219E3900B440F5 /* FirebaseService.swift in Sources */,
				13F8B1E32C21A54600B440F5 /* TrashViewModel.swift in Sources */,
				13F8B1C92C1F3ED400B440F5 /* TrashView.swift in Sources */,
				1393E3F92C238BCE007B8DEC /* GeocodeError.swift in Sources */,
				1393E3F12C235D19007B8DEC /* UseCase+Dependencies.swift in Sources */,
				13F8B1EC2C21C18500B440F5 /* LocationManager.swift in Sources */,
			);
			runOnlyForDeploymentPostprocessing = 0;
		};
		13F8B1A22C1EEAAE00B440F5 /* Sources */ = {
			isa = PBXSourcesBuildPhase;
			buildActionMask = 2147483647;
			files = (
				13F8B1AB2C1EEAAE00B440F5 /* GoTrashTests.swift in Sources */,
			);
			runOnlyForDeploymentPostprocessing = 0;
		};
		13F8B1AC2C1EEAAE00B440F5 /* Sources */ = {
			isa = PBXSourcesBuildPhase;
			buildActionMask = 2147483647;
			files = (
				13F8B1B52C1EEAAE00B440F5 /* GoTrashUITests.swift in Sources */,
				13F8B1B72C1EEAAE00B440F5 /* GoTrashUITestsLaunchTests.swift in Sources */,
			);
			runOnlyForDeploymentPostprocessing = 0;
		};
/* End PBXSourcesBuildPhase section */

/* Begin PBXTargetDependency section */
		13F8B1A82C1EEAAE00B440F5 /* PBXTargetDependency */ = {
			isa = PBXTargetDependency;
			target = 13F8B1952C1EEAAD00B440F5 /* GoTrash */;
			targetProxy = 13F8B1A72C1EEAAE00B440F5 /* PBXContainerItemProxy */;
		};
		13F8B1B22C1EEAAE00B440F5 /* PBXTargetDependency */ = {
			isa = PBXTargetDependency;
			target = 13F8B1952C1EEAAD00B440F5 /* GoTrash */;
			targetProxy = 13F8B1B12C1EEAAE00B440F5 /* PBXContainerItemProxy */;
		};
/* End PBXTargetDependency section */

/* Begin XCBuildConfiguration section */
		13F8B1B82C1EEAAE00B440F5 /* Debug */ = {
			isa = XCBuildConfiguration;
			buildSettings = {
				ALWAYS_SEARCH_USER_PATHS = NO;
				ASSETCATALOG_COMPILER_GENERATE_SWIFT_ASSET_SYMBOL_EXTENSIONS = YES;
				CLANG_ANALYZER_NONNULL = YES;
				CLANG_ANALYZER_NUMBER_OBJECT_CONVERSION = YES_AGGRESSIVE;
				CLANG_CXX_LANGUAGE_STANDARD = "gnu++20";
				CLANG_ENABLE_MODULES = YES;
				CLANG_ENABLE_OBJC_ARC = YES;
				CLANG_ENABLE_OBJC_WEAK = YES;
				CLANG_WARN_BLOCK_CAPTURE_AUTORELEASING = YES;
				CLANG_WARN_BOOL_CONVERSION = YES;
				CLANG_WARN_COMMA = YES;
				CLANG_WARN_CONSTANT_CONVERSION = YES;
				CLANG_WARN_DEPRECATED_OBJC_IMPLEMENTATIONS = YES;
				CLANG_WARN_DIRECT_OBJC_ISA_USAGE = YES_ERROR;
				CLANG_WARN_DOCUMENTATION_COMMENTS = YES;
				CLANG_WARN_EMPTY_BODY = YES;
				CLANG_WARN_ENUM_CONVERSION = YES;
				CLANG_WARN_INFINITE_RECURSION = YES;
				CLANG_WARN_INT_CONVERSION = YES;
				CLANG_WARN_NON_LITERAL_NULL_CONVERSION = YES;
				CLANG_WARN_OBJC_IMPLICIT_RETAIN_SELF = YES;
				CLANG_WARN_OBJC_LITERAL_CONVERSION = YES;
				CLANG_WARN_OBJC_ROOT_CLASS = YES_ERROR;
				CLANG_WARN_QUOTED_INCLUDE_IN_FRAMEWORK_HEADER = YES;
				CLANG_WARN_RANGE_LOOP_ANALYSIS = YES;
				CLANG_WARN_STRICT_PROTOTYPES = YES;
				CLANG_WARN_SUSPICIOUS_MOVE = YES;
				CLANG_WARN_UNGUARDED_AVAILABILITY = YES_AGGRESSIVE;
				CLANG_WARN_UNREACHABLE_CODE = YES;
				CLANG_WARN__DUPLICATE_METHOD_MATCH = YES;
				COPY_PHASE_STRIP = NO;
				DEBUG_INFORMATION_FORMAT = dwarf;
				ENABLE_STRICT_OBJC_MSGSEND = YES;
				ENABLE_TESTABILITY = YES;
				ENABLE_USER_SCRIPT_SANDBOXING = YES;
				GCC_C_LANGUAGE_STANDARD = gnu17;
				GCC_DYNAMIC_NO_PIC = NO;
				GCC_NO_COMMON_BLOCKS = YES;
				GCC_OPTIMIZATION_LEVEL = 0;
				GCC_PREPROCESSOR_DEFINITIONS = (
					"DEBUG=1",
					"$(inherited)",
				);
				GCC_WARN_64_TO_32_BIT_CONVERSION = YES;
				GCC_WARN_ABOUT_RETURN_TYPE = YES_ERROR;
				GCC_WARN_UNDECLARED_SELECTOR = YES;
				GCC_WARN_UNINITIALIZED_AUTOS = YES_AGGRESSIVE;
				GCC_WARN_UNUSED_FUNCTION = YES;
				GCC_WARN_UNUSED_VARIABLE = YES;
				IPHONEOS_DEPLOYMENT_TARGET = 17.2;
				LOCALIZATION_PREFERS_STRING_CATALOGS = YES;
				MTL_ENABLE_DEBUG_INFO = INCLUDE_SOURCE;
				MTL_FAST_MATH = YES;
				ONLY_ACTIVE_ARCH = YES;
				SDKROOT = iphoneos;
				SWIFT_ACTIVE_COMPILATION_CONDITIONS = "DEBUG $(inherited)";
				SWIFT_OPTIMIZATION_LEVEL = "-Onone";
			};
			name = Debug;
		};
		13F8B1B92C1EEAAE00B440F5 /* Release */ = {
			isa = XCBuildConfiguration;
			buildSettings = {
				ALWAYS_SEARCH_USER_PATHS = NO;
				ASSETCATALOG_COMPILER_GENERATE_SWIFT_ASSET_SYMBOL_EXTENSIONS = YES;
				CLANG_ANALYZER_NONNULL = YES;
				CLANG_ANALYZER_NUMBER_OBJECT_CONVERSION = YES_AGGRESSIVE;
				CLANG_CXX_LANGUAGE_STANDARD = "gnu++20";
				CLANG_ENABLE_MODULES = YES;
				CLANG_ENABLE_OBJC_ARC = YES;
				CLANG_ENABLE_OBJC_WEAK = YES;
				CLANG_WARN_BLOCK_CAPTURE_AUTORELEASING = YES;
				CLANG_WARN_BOOL_CONVERSION = YES;
				CLANG_WARN_COMMA = YES;
				CLANG_WARN_CONSTANT_CONVERSION = YES;
				CLANG_WARN_DEPRECATED_OBJC_IMPLEMENTATIONS = YES;
				CLANG_WARN_DIRECT_OBJC_ISA_USAGE = YES_ERROR;
				CLANG_WARN_DOCUMENTATION_COMMENTS = YES;
				CLANG_WARN_EMPTY_BODY = YES;
				CLANG_WARN_ENUM_CONVERSION = YES;
				CLANG_WARN_INFINITE_RECURSION = YES;
				CLANG_WARN_INT_CONVERSION = YES;
				CLANG_WARN_NON_LITERAL_NULL_CONVERSION = YES;
				CLANG_WARN_OBJC_IMPLICIT_RETAIN_SELF = YES;
				CLANG_WARN_OBJC_LITERAL_CONVERSION = YES;
				CLANG_WARN_OBJC_ROOT_CLASS = YES_ERROR;
				CLANG_WARN_QUOTED_INCLUDE_IN_FRAMEWORK_HEADER = YES;
				CLANG_WARN_RANGE_LOOP_ANALYSIS = YES;
				CLANG_WARN_STRICT_PROTOTYPES = YES;
				CLANG_WARN_SUSPICIOUS_MOVE = YES;
				CLANG_WARN_UNGUARDED_AVAILABILITY = YES_AGGRESSIVE;
				CLANG_WARN_UNREACHABLE_CODE = YES;
				CLANG_WARN__DUPLICATE_METHOD_MATCH = YES;
				COPY_PHASE_STRIP = NO;
				DEBUG_INFORMATION_FORMAT = "dwarf-with-dsym";
				ENABLE_NS_ASSERTIONS = NO;
				ENABLE_STRICT_OBJC_MSGSEND = YES;
				ENABLE_USER_SCRIPT_SANDBOXING = YES;
				GCC_C_LANGUAGE_STANDARD = gnu17;
				GCC_NO_COMMON_BLOCKS = YES;
				GCC_WARN_64_TO_32_BIT_CONVERSION = YES;
				GCC_WARN_ABOUT_RETURN_TYPE = YES_ERROR;
				GCC_WARN_UNDECLARED_SELECTOR = YES;
				GCC_WARN_UNINITIALIZED_AUTOS = YES_AGGRESSIVE;
				GCC_WARN_UNUSED_FUNCTION = YES;
				GCC_WARN_UNUSED_VARIABLE = YES;
				IPHONEOS_DEPLOYMENT_TARGET = 17.2;
				LOCALIZATION_PREFERS_STRING_CATALOGS = YES;
				MTL_ENABLE_DEBUG_INFO = NO;
				MTL_FAST_MATH = YES;
				SDKROOT = iphoneos;
				SWIFT_COMPILATION_MODE = wholemodule;
				VALIDATE_PRODUCT = YES;
			};
			name = Release;
		};
		13F8B1BB2C1EEAAE00B440F5 /* Debug */ = {
			isa = XCBuildConfiguration;
			buildSettings = {
				ASSETCATALOG_COMPILER_APPICON_NAME = AppIcon;
				ASSETCATALOG_COMPILER_GLOBAL_ACCENT_COLOR_NAME = AccentColor;
				CODE_SIGN_STYLE = Automatic;
				CURRENT_PROJECT_VERSION = 1;
				DEVELOPMENT_ASSET_PATHS = "\"GoTrash/Preview Content\"";
				DEVELOPMENT_TEAM = 3BA57QD64M;
				ENABLE_PREVIEWS = YES;
				GENERATE_INFOPLIST_FILE = YES;
				INFOPLIST_KEY_NSLocationWhenInUseUsageDescription = "";
				INFOPLIST_KEY_UIApplicationSceneManifest_Generation = YES;
				INFOPLIST_KEY_UIApplicationSupportsIndirectInputEvents = YES;
				INFOPLIST_KEY_UILaunchScreen_Generation = YES;
				INFOPLIST_KEY_UILaunchStoryboardName = LaunchScreen.storyboard;
				INFOPLIST_KEY_UISupportedInterfaceOrientations_iPad = "UIInterfaceOrientationPortrait UIInterfaceOrientationPortraitUpsideDown UIInterfaceOrientationLandscapeLeft UIInterfaceOrientationLandscapeRight";
				INFOPLIST_KEY_UISupportedInterfaceOrientations_iPhone = "UIInterfaceOrientationPortrait UIInterfaceOrientationLandscapeLeft UIInterfaceOrientationLandscapeRight";
				LD_RUNPATH_SEARCH_PATHS = (
					"$(inherited)",
					"@executable_path/Frameworks",
				);
				MARKETING_VERSION = 1.0;
				PRODUCT_BUNDLE_IDENTIFIER = NaimZdn.GoTrash;
				PRODUCT_NAME = "$(TARGET_NAME)";
				SWIFT_EMIT_LOC_STRINGS = YES;
				SWIFT_VERSION = 5.0;
				TARGETED_DEVICE_FAMILY = "1,2";
			};
			name = Debug;
		};
		13F8B1BC2C1EEAAE00B440F5 /* Release */ = {
			isa = XCBuildConfiguration;
			buildSettings = {
				ASSETCATALOG_COMPILER_APPICON_NAME = AppIcon;
				ASSETCATALOG_COMPILER_GLOBAL_ACCENT_COLOR_NAME = AccentColor;
				CODE_SIGN_STYLE = Automatic;
				CURRENT_PROJECT_VERSION = 1;
				DEVELOPMENT_ASSET_PATHS = "\"GoTrash/Preview Content\"";
				DEVELOPMENT_TEAM = 3BA57QD64M;
				ENABLE_PREVIEWS = YES;
				GENERATE_INFOPLIST_FILE = YES;
				INFOPLIST_KEY_NSLocationWhenInUseUsageDescription = "";
				INFOPLIST_KEY_UIApplicationSceneManifest_Generation = YES;
				INFOPLIST_KEY_UIApplicationSupportsIndirectInputEvents = YES;
				INFOPLIST_KEY_UILaunchScreen_Generation = YES;
				INFOPLIST_KEY_UILaunchStoryboardName = LaunchScreen.storyboard;
				INFOPLIST_KEY_UISupportedInterfaceOrientations_iPad = "UIInterfaceOrientationPortrait UIInterfaceOrientationPortraitUpsideDown UIInterfaceOrientationLandscapeLeft UIInterfaceOrientationLandscapeRight";
				INFOPLIST_KEY_UISupportedInterfaceOrientations_iPhone = "UIInterfaceOrientationPortrait UIInterfaceOrientationLandscapeLeft UIInterfaceOrientationLandscapeRight";
				LD_RUNPATH_SEARCH_PATHS = (
					"$(inherited)",
					"@executable_path/Frameworks",
				);
				MARKETING_VERSION = 1.0;
				PRODUCT_BUNDLE_IDENTIFIER = NaimZdn.GoTrash;
				PRODUCT_NAME = "$(TARGET_NAME)";
				SWIFT_EMIT_LOC_STRINGS = YES;
				SWIFT_VERSION = 5.0;
				TARGETED_DEVICE_FAMILY = "1,2";
			};
			name = Release;
		};
		13F8B1BE2C1EEAAE00B440F5 /* Debug */ = {
			isa = XCBuildConfiguration;
			buildSettings = {
				ALWAYS_EMBED_SWIFT_STANDARD_LIBRARIES = YES;
				BUNDLE_LOADER = "$(TEST_HOST)";
				CODE_SIGN_STYLE = Automatic;
				CURRENT_PROJECT_VERSION = 1;
				DEVELOPMENT_TEAM = 3BA57QD64M;
				GENERATE_INFOPLIST_FILE = YES;
				IPHONEOS_DEPLOYMENT_TARGET = 17.2;
				MARKETING_VERSION = 1.0;
				PRODUCT_BUNDLE_IDENTIFIER = NaimZdn.GoTrashTests;
				PRODUCT_NAME = "$(TARGET_NAME)";
				SWIFT_EMIT_LOC_STRINGS = NO;
				SWIFT_VERSION = 5.0;
				TARGETED_DEVICE_FAMILY = "1,2";
				TEST_HOST = "$(BUILT_PRODUCTS_DIR)/GoTrash.app/$(BUNDLE_EXECUTABLE_FOLDER_PATH)/GoTrash";
			};
			name = Debug;
		};
		13F8B1BF2C1EEAAE00B440F5 /* Release */ = {
			isa = XCBuildConfiguration;
			buildSettings = {
				ALWAYS_EMBED_SWIFT_STANDARD_LIBRARIES = YES;
				BUNDLE_LOADER = "$(TEST_HOST)";
				CODE_SIGN_STYLE = Automatic;
				CURRENT_PROJECT_VERSION = 1;
				DEVELOPMENT_TEAM = 3BA57QD64M;
				GENERATE_INFOPLIST_FILE = YES;
				IPHONEOS_DEPLOYMENT_TARGET = 17.2;
				MARKETING_VERSION = 1.0;
				PRODUCT_BUNDLE_IDENTIFIER = NaimZdn.GoTrashTests;
				PRODUCT_NAME = "$(TARGET_NAME)";
				SWIFT_EMIT_LOC_STRINGS = NO;
				SWIFT_VERSION = 5.0;
				TARGETED_DEVICE_FAMILY = "1,2";
				TEST_HOST = "$(BUILT_PRODUCTS_DIR)/GoTrash.app/$(BUNDLE_EXECUTABLE_FOLDER_PATH)/GoTrash";
			};
			name = Release;
		};
		13F8B1C12C1EEAAE00B440F5 /* Debug */ = {
			isa = XCBuildConfiguration;
			buildSettings = {
				ALWAYS_EMBED_SWIFT_STANDARD_LIBRARIES = YES;
				CODE_SIGN_STYLE = Automatic;
				CURRENT_PROJECT_VERSION = 1;
				DEVELOPMENT_TEAM = 3BA57QD64M;
				GENERATE_INFOPLIST_FILE = YES;
				MARKETING_VERSION = 1.0;
				PRODUCT_BUNDLE_IDENTIFIER = NaimZdn.GoTrashUITests;
				PRODUCT_NAME = "$(TARGET_NAME)";
				SWIFT_EMIT_LOC_STRINGS = NO;
				SWIFT_VERSION = 5.0;
				TARGETED_DEVICE_FAMILY = "1,2";
				TEST_TARGET_NAME = GoTrash;
			};
			name = Debug;
		};
		13F8B1C22C1EEAAE00B440F5 /* Release */ = {
			isa = XCBuildConfiguration;
			buildSettings = {
				ALWAYS_EMBED_SWIFT_STANDARD_LIBRARIES = YES;
				CODE_SIGN_STYLE = Automatic;
				CURRENT_PROJECT_VERSION = 1;
				DEVELOPMENT_TEAM = 3BA57QD64M;
				GENERATE_INFOPLIST_FILE = YES;
				MARKETING_VERSION = 1.0;
				PRODUCT_BUNDLE_IDENTIFIER = NaimZdn.GoTrashUITests;
				PRODUCT_NAME = "$(TARGET_NAME)";
				SWIFT_EMIT_LOC_STRINGS = NO;
				SWIFT_VERSION = 5.0;
				TARGETED_DEVICE_FAMILY = "1,2";
				TEST_TARGET_NAME = GoTrash;
			};
			name = Release;
		};
/* End XCBuildConfiguration section */

/* Begin XCConfigurationList section */
		13F8B1912C1EEAAD00B440F5 /* Build configuration list for PBXProject "GoTrash" */ = {
			isa = XCConfigurationList;
			buildConfigurations = (
				13F8B1B82C1EEAAE00B440F5 /* Debug */,
				13F8B1B92C1EEAAE00B440F5 /* Release */,
			);
			defaultConfigurationIsVisible = 0;
			defaultConfigurationName = Release;
		};
		13F8B1BA2C1EEAAE00B440F5 /* Build configuration list for PBXNativeTarget "GoTrash" */ = {
			isa = XCConfigurationList;
			buildConfigurations = (
				13F8B1BB2C1EEAAE00B440F5 /* Debug */,
				13F8B1BC2C1EEAAE00B440F5 /* Release */,
			);
			defaultConfigurationIsVisible = 0;
			defaultConfigurationName = Release;
		};
		13F8B1BD2C1EEAAE00B440F5 /* Build configuration list for PBXNativeTarget "GoTrashTests" */ = {
			isa = XCConfigurationList;
			buildConfigurations = (
				13F8B1BE2C1EEAAE00B440F5 /* Debug */,
				13F8B1BF2C1EEAAE00B440F5 /* Release */,
			);
			defaultConfigurationIsVisible = 0;
			defaultConfigurationName = Release;
		};
		13F8B1C02C1EEAAE00B440F5 /* Build configuration list for PBXNativeTarget "GoTrashUITests" */ = {
			isa = XCConfigurationList;
			buildConfigurations = (
				13F8B1C12C1EEAAE00B440F5 /* Debug */,
				13F8B1C22C1EEAAE00B440F5 /* Release */,
			);
			defaultConfigurationIsVisible = 0;
			defaultConfigurationName = Release;
		};
/* End XCConfigurationList section */

/* Begin XCRemoteSwiftPackageReference section */
		13F8B1CD2C219AF400B440F5 /* XCRemoteSwiftPackageReference "Factory" */ = {
			isa = XCRemoteSwiftPackageReference;
			repositoryURL = "https://github.com/hmlongco/Factory";
			requirement = {
				kind = upToNextMajorVersion;
				minimumVersion = 2.3.2;
			};
		};
		13F8B1D52C219BF700B440F5 /* XCRemoteSwiftPackageReference "firebase-ios-sdk" */ = {
			isa = XCRemoteSwiftPackageReference;
			repositoryURL = "https://github.com/firebase/firebase-ios-sdk.git";
			requirement = {
				kind = upToNextMajorVersion;
				minimumVersion = 10.28.0;
			};
		};
/* End XCRemoteSwiftPackageReference section */

/* Begin XCSwiftPackageProductDependency section */
		13F8B1CE2C219AF400B440F5 /* Factory */ = {
			isa = XCSwiftPackageProductDependency;
			package = 13F8B1CD2C219AF400B440F5 /* XCRemoteSwiftPackageReference "Factory" */;
			productName = Factory;
		};
		13F8B1DB2C219DE400B440F5 /* FirebaseAuth */ = {
			isa = XCSwiftPackageProductDependency;
			package = 13F8B1D52C219BF700B440F5 /* XCRemoteSwiftPackageReference "firebase-ios-sdk" */;
			productName = FirebaseAuth;
		};
		13F8B1DF2C21A13D00B440F5 /* FirebaseDatabaseSwift */ = {
			isa = XCSwiftPackageProductDependency;
			package = 13F8B1D52C219BF700B440F5 /* XCRemoteSwiftPackageReference "firebase-ios-sdk" */;
			productName = FirebaseDatabaseSwift;
		};
/* End XCSwiftPackageProductDependency section */
	};
	rootObject = 13F8B18E2C1EEAAD00B440F5 /* Project object */;
}
